# This file was autogenerated by Stack.
# You should not edit this file by hand.
# For more information, please see the documentation at:
#   https://docs.haskellstack.org/en/stable/lock_files

packages:
- completed:
    hackage: morpheus-graphql-0.17.0@sha256:487ad2e2b11d1038a65068f139f291a4e7b00986c347132b56e141608f0c8789,29450
    pantry-tree:
      size: 42453
      sha256: 47edd42f1f905dc5982e7f66c291e661e5b067d26167ec30cd1284cf9948538f
  original:
    hackage: morpheus-graphql-0.17.0
snapshots:
- completed:
    size: 585393
    url: https://raw.githubusercontent.com/commercialhaskell/stackage-snapshots/master/lts/18/0.yaml
    sha256: c632012da648385b9fa3c29f4e0afd56ead299f1c5528ee789058be410e883c0
  original: lts-18.0
